
Microsoft Visual Studio Solution File, Format Version 12.00
# Visual Studio Version 17
VisualStudioVersion = 17.3.32825.248
MinimumVisualStudioVersion = 10.0.40219.1
Project("{9A19103F-16F7-4668-BE54-9A1E7A4F7556}") = "Estate", "Estate\Estate.csproj", "{CE81939F-26D2-4619-B370-463AC66FFC0C}"
EndProject
Project("{FAE04EC0-301F-11D3-BF4B-00C04F79EFBC}") = "Contracts", "Contracts\Contracts.csproj", "{89DAFC2E-6A66-45E9-86D8-7A1DDD244713}"
EndProject
Project("{FAE04EC0-301F-11D3-BF4B-00C04F79EFBC}") = "LoggerService", "LoggerService\LoggerService.csproj", "{A49A8274-C1DE-486B-B950-C77A627A46B4}"
EndProject
Global
	GlobalSection(SolutionConfigurationPlatforms) = preSolution
		Debug|Any CPU = Debug|Any CPU
		Release|Any CPU = Release|Any CPU
	EndGlobalSection
	GlobalSection(ProjectConfigurationPlatforms) = postSolution
		{CE81939F-26D2-4619-B370-463AC66FFC0C}.Debug|Any CPU.ActiveCfg = Debug|Any CPU
		{CE81939F-26D2-4619-B370-463AC66FFC0C}.Debug|Any CPU.Build.0 = Debug|Any CPU
		{CE81939F-26D2-4619-B370-463AC66FFC0C}.Release|Any CPU.ActiveCfg = Release|Any CPU
		{CE81939F-26D2-4619-B370-463AC66FFC0C}.Release|Any CPU.Build.0 = Release|Any CPU
		{89DAFC2E-6A66-45E9-86D8-7A1DDD244713}.Debug|Any CPU.ActiveCfg = Debug|Any CPU
		{89DAFC2E-6A66-45E9-86D8-7A1DDD244713}.Debug|Any CPU.Build.0 = Debug|Any CPU
		{89DAFC2E-6A66-45E9-86D8-7A1DDD244713}.Release|Any CPU.ActiveCfg = Release|Any CPU
		{89DAFC2E-6A66-45E9-86D8-7A1DDD244713}.Release|Any CPU.Build.0 = Release|Any CPU
		{A49A8274-C1DE-486B-B950-C77A627A46B4}.Debug|Any CPU.ActiveCfg = Debug|Any CPU
		{A49A8274-C1DE-486B-B950-C77A627A46B4}.Debug|Any CPU.Build.0 = Debug|Any CPU
		{A49A8274-C1DE-486B-B950-C77A627A46B4}.Release|Any CPU.ActiveCfg = Release|Any CPU
		{A49A8274-C1DE-486B-B950-C77A627A46B4}.Release|Any CPU.Build.0 = Release|Any CPU
	EndGlobalSection
	GlobalSection(SolutionProperties) = preSolution
		HideSolutionNode = FALSE
	EndGlobalSection
	GlobalSection(ExtensibilityGlobals) = postSolution
		SolutionGuid = {BE972DB7-6011-4ED4-8CC3-0A5B76ADDED3}
	EndGlobalSection
EndGlobal
